PODS:
  - Amplitude (8.18.0):
    - AnalyticsConnector (~> 1.0.0)
  - amplitude_flutter (0.0.1):
    - Amplitude (= 8.18.0)
    - Flutter
  - AnalyticsConnector (1.0.3)
  - app_links (0.0.2):
    - Flutter
  - facebook_app_events (0.20.0):
    - FBSDKCoreKit (~> 18.0)
    - Flutter
  - FBAEMKit (18.1.0):
    - FBSDKCoreKit_Basics (= 18.1.0)
  - FBSDKCoreKit (18.1.0):
    - FBAEMKit (= 18.1.0)
    - FBSDKCoreKit_Basics (= 18.1.0)
  - FBSDKCoreKit_Basics (18.1.0)
  - Flutter (1.0.0)
  - flutter_local_notifications (0.0.1):
    - Flutter
  - flutter_web_auth_2 (3.0.0):
    - Flutter
  - image_gallery_saver_plus (0.0.1):
    - Flutter
  - kakao_flutter_sdk_common (1.9.7-3):
    - Flutter
  - permission_handler_apple (9.3.0):
    - Flutter
  - sign_in_with_apple (0.0.1):
    - Flutter

DEPENDENCIES:
  - amplitude_flutter (from `.symlinks/plugins/amplitude_flutter/ios`)
  - app_links (from `.symlinks/plugins/app_links/ios`)
  - facebook_app_events (from `.symlinks/plugins/facebook_app_events/ios`)
  - Flutter (from `Flutter`)
  - flutter_local_notifications (from `.symlinks/plugins/flutter_local_notifications/ios`)
  - flutter_web_auth_2 (from `.symlinks/plugins/flutter_web_auth_2/ios`)
  - image_gallery_saver_plus (from `.symlinks/plugins/image_gallery_saver_plus/ios`)
  - kakao_flutter_sdk_common (from `.symlinks/plugins/kakao_flutter_sdk_common/ios`)
  - permission_handler_apple (from `.symlinks/plugins/permission_handler_apple/ios`)
  - sign_in_with_apple (from `.symlinks/plugins/sign_in_with_apple/ios`)

SPEC REPOS:
  trunk:
    - Amplitude
    - AnalyticsConnector
    - FBAEMKit
    - FBSDKCoreKit
    - FBSDKCoreKit_Basics

EXTERNAL SOURCES:
  amplitude_flutter:
    :path: ".symlinks/plugins/amplitude_flutter/ios"
  app_links:
    :path: ".symlinks/plugins/app_links/ios"
  facebook_app_events:
    :path: ".symlinks/plugins/facebook_app_events/ios"
  Flutter:
    :path: Flutter
  flutter_local_notifications:
    :path: ".symlinks/plugins/flutter_local_notifications/ios"
  flutter_web_auth_2:
    :path: ".symlinks/plugins/flutter_web_auth_2/ios"
  image_gallery_saver_plus:
    :path: ".symlinks/plugins/image_gallery_saver_plus/ios"
  kakao_flutter_sdk_common:
    :path: ".symlinks/plugins/kakao_flutter_sdk_common/ios"
  permission_handler_apple:
    :path: ".symlinks/plugins/permission_handler_apple/ios"
  sign_in_with_apple:
    :path: ".symlinks/plugins/sign_in_with_apple/ios"

SPEC CHECKSUMS:
  Amplitude: 184def4f87aa26f94a93a7faa334e06b1cae704d
  amplitude_flutter: 20fed3aede0c17e0be5eb0e76de39de560f95f63
  AnalyticsConnector: a53214d38ae22734c6266106c0492b37832633a9
  app_links: 3da4c36b46cac3bf24eb897f1a6ce80bda109874
  facebook_app_events: cfa07e73912a052992b5f218f79a19a66a99bf1a
  FBAEMKit: 64088ff0380f50e4a56e2ee07d984f7f1aef7595
  FBSDKCoreKit: 8390ea3a8fac186f444275f31d7512e760b47cba
  FBSDKCoreKit_Basics: 3a0005c78b355388bf2df5c6dbe6381b77ea4be3
  Flutter: cabc95a1d2626b1b06e7179b784ebcf0c0cde467
  flutter_local_notifications: 395056b3175ba4f08480a7c5de30cd36d69827e4
  flutter_web_auth_2: 5c8d9dcd7848b5a9efb086d24e7a9adcae979c80
  image_gallery_saver_plus: e597bf65a7846979417a3eae0763b71b6dfec6c3
  kakao_flutter_sdk_common: 600d55b532da0bd37268a529e1add49302477710
  permission_handler_apple: 4ed2196e43d0651e8ff7ca3483a069d469701f2d
  sign_in_with_apple: c5dcc141574c8c54d5ac99dd2163c0c72ad22418

PODFILE CHECKSUM: a57f30d18f102dd3ce366b1d62a55ecbef2158e5

COCOAPODS: 1.17.0
